// !$*UTF8*$!
{
	archiveVersion = 1;
	classes = {
	};
	objectVersion = 56;
	objects = {

/* Begin PBXBuildFile section */
		EF6631212A8E7E620027881A /* FinalProjectApp.swift in Sources */ = {isa = PBXBuildFile; fileRef = EF6631202A8E7E620027881A /* FinalProjectApp.swift */; };
		EF6631232A8E7E620027881A /* ContentView.swift in Sources */ = {isa = PBXBuildFile; fileRef = EF6631222A8E7E620027881A /* ContentView.swift */; };
		EF6631252A8E7E660027881A /* Assets.xcassets in Resources */ = {isa = PBXBuildFile; fileRef = EF6631242A8E7E660027881A /* Assets.xcassets */; };
		EF6631282A8E7E660027881A /* Preview Assets.xcassets in Resources */ = {isa = PBXBuildFile; fileRef = EF6631272A8E7E660027881A /* Preview Assets.xcassets */; };
		EF66312F2A8E80060027881A /* HomePage.swift in Sources */ = {isa = PBXBuildFile; fileRef = EF66312E2A8E80060027881A /* HomePage.swift */; };
		EF6631312A8E80450027881A /* HomeButton.swift in Sources */ = {isa = PBXBuildFile; fileRef = EF6631302A8E80450027881A /* HomeButton.swift */; };
		EF6631332A8E807A0027881A /* SearchResourcesView.swift in Sources */ = {isa = PBXBuildFile; fileRef = EF6631322A8E807A0027881A /* SearchResourcesView.swift */; };
		EF6631352A8E80D60027881A /* TriviaGameView.swift in Sources */ = {isa = PBXBuildFile; fileRef = EF6631342A8E80D60027881A /* TriviaGameView.swift */; };
		EF6631372A8E81030027881A /* JourneyTrackerView.swift in Sources */ = {isa = PBXBuildFile; fileRef = EF6631362A8E81030027881A /* JourneyTrackerView.swift */; };
		EFE95FC52A8E9C3500C9DA8F /* TopicButton.swift in Sources */ = {isa = PBXBuildFile; fileRef = EFE95FC42A8E9C3500C9DA8F /* TopicButton.swift */; };
		EFE95FC72A8E9C6600C9DA8F /* MachineLearningView.swift in Sources */ = {isa = PBXBuildFile; fileRef = EFE95FC62A8E9C6600C9DA8F /* MachineLearningView.swift */; };
		EFE95FC92A8E9C9900C9DA8F /* DataScienceView.swift in Sources */ = {isa = PBXBuildFile; fileRef = EFE95FC82A8E9C9900C9DA8F /* DataScienceView.swift */; };
		EFE95FCB2A8E9CBF00C9DA8F /* STEMReasearchView.swift in Sources */ = {isa = PBXBuildFile; fileRef = EFE95FCA2A8E9CBF00C9DA8F /* STEMReasearchView.swift */; };
/* End PBXBuildFile section */

/* Begin PBXFileReference section */
		EF66311D2A8E7E620027881A /* FinalProject.app */ = {isa = PBXFileReference; explicitFileType = wrapper.application; includeInIndex = 0; path = FinalProject.app; sourceTree = BUILT_PRODUCTS_DIR; };
		EF6631202A8E7E620027881A /* FinalProjectApp.swift */ = {isa = PBXFileReference; lastKnownFileType = sourcecode.swift; path = FinalProjectApp.swift; sourceTree = "<group>"; };
		EF6631222A8E7E620027881A /* ContentView.swift */ = {isa = PBXFileReference; lastKnownFileType = sourcecode.swift; path = ContentView.swift; sourceTree = "<group>"; };
		EF6631242A8E7E660027881A /* Assets.xcassets */ = {isa = PBXFileReference; lastKnownFileType = folder.assetcatalog; path = Assets.xcassets; sourceTree = "<group>"; };
		EF6631272A8E7E660027881A /* Preview Assets.xcassets */ = {isa = PBXFileReference; lastKnownFileType = folder.assetcatalog; path = "Preview Assets.xcassets"; sourceTree = "<group>"; };
		EF66312E2A8E80060027881A /* HomePage.swift */ = {isa = PBXFileReference; lastKnownFileType = sourcecode.swift; path = HomePage.swift; sourceTree = "<group>"; };
		EF6631302A8E80450027881A /* HomeButton.swift */ = {isa = PBXFileReference; lastKnownFileType = sourcecode.swift; path = HomeButton.swift; sourceTree = "<group>"; };
		EF6631322A8E807A0027881A /* SearchResourcesView.swift */ = {isa = PBXFileReference; lastKnownFileType = sourcecode.swift; path = SearchResourcesView.swift; sourceTree = "<group>"; };
		EF6631342A8E80D60027881A /* TriviaGameView.swift */ = {isa = PBXFileReference; lastKnownFileType = sourcecode.swift; path = TriviaGameView.swift; sourceTree = "<group>"; };
		EF6631362A8E81030027881A /* JourneyTrackerView.swift */ = {isa = PBXFileReference; lastKnownFileType = sourcecode.swift; path = JourneyTrackerView.swift; sourceTree = "<group>"; };
		EFE95FC42A8E9C3500C9DA8F /* TopicButton.swift */ = {isa = PBXFileReference; lastKnownFileType = sourcecode.swift; path = TopicButton.swift; sourceTree = "<group>"; };
		EFE95FC62A8E9C6600C9DA8F /* MachineLearningView.swift */ = {isa = PBXFileReference; lastKnownFileType = sourcecode.swift; path = MachineLearningView.swift; sourceTree = "<group>"; };
		EFE95FC82A8E9C9900C9DA8F /* DataScienceView.swift */ = {isa = PBXFileReference; lastKnownFileType = sourcecode.swift; path = DataScienceView.swift; sourceTree = "<group>"; };
		EFE95FCA2A8E9CBF00C9DA8F /* STEMReasearchView.swift */ = {isa = PBXFileReference; lastKnownFileType = sourcecode.swift; path = STEMReasearchView.swift; sourceTree = "<group>"; };
/* End PBXFileReference section */

/* Begin PBXFrameworksBuildPhase section */
		EF66311A2A8E7E610027881A /* Frameworks */ = {
			isa = PBXFrameworksBuildPhase;
			buildActionMask = 2147483647;
			files = (
			);
			runOnlyForDeploymentPostprocessing = 0;
		};
/* End PBXFrameworksBuildPhase section */

/* Begin PBXGroup section */
		EF6631142A8E7E610027881A = {
			isa = PBXGroup;
			children = (
				EF66311F2A8E7E620027881A /* FinalProject */,
				EF66311E2A8E7E620027881A /* Products */,
			);
			sourceTree = "<group>";
		};
		EF66311E2A8E7E620027881A /* Products */ = {
			isa = PBXGroup;
			children = (
				EF66311D2A8E7E620027881A /* FinalProject.app */,
			);
			name = Products;
			sourceTree = "<group>";
		};
		EF66311F2A8E7E620027881A /* FinalProject */ = {
			isa = PBXGroup;
			children = (
				EF6631202A8E7E620027881A /* FinalProjectApp.swift */,
				EF66312E2A8E80060027881A /* HomePage.swift */,
				EF6631302A8E80450027881A /* HomeButton.swift */,
				EF6631322A8E807A0027881A /* SearchResourcesView.swift */,
				EFE95FC42A8E9C3500C9DA8F /* TopicButton.swift */,
				EFE95FC62A8E9C6600C9DA8F /* MachineLearningView.swift */,
				EFE95FC82A8E9C9900C9DA8F /* DataScienceView.swift */,
				EFE95FCA2A8E9CBF00C9DA8F /* STEMReasearchView.swift */,
				EF6631342A8E80D60027881A /* TriviaGameView.swift */,
				EF6631362A8E81030027881A /* JourneyTrackerView.swift */,
				EF6631222A8E7E620027881A /* ContentView.swift */,
				EF6631242A8E7E660027881A /* Assets.xcassets */,
				EF6631262A8E7E660027881A /* Preview Content */,
			);
			path = FinalProject;
			sourceTree = "<group>";
		};
		EF6631262A8E7E660027881A /* Preview Content */ = {
			isa = PBXGroup;
			children = (
				EF6631272A8E7E660027881A /* Preview Assets.xcassets */,
			);
			path = "Preview Content";
			sourceTree = "<group>";
		};
/* End PBXGroup section */

/* Begin PBXNativeTarget section */
		EF66311C2A8E7E610027881A /* FinalProject */ = {
			isa = PBXNativeTarget;
			buildConfigurationList = EF66312B2A8E7E660027881A /* Build configuration list for PBXNativeTarget "FinalProject" */;
			buildPhases = (
				EF6631192A8E7E610027881A /* Sources */,
				EF66311A2A8E7E610027881A /* Frameworks */,
				EF66311B2A8E7E610027881A /* Resources */,
			);
			buildRules = (
			);
			dependencies = (
			);
			name = FinalProject;
			productName = FinalProject;
			productReference = EF66311D2A8E7E620027881A /* FinalProject.app */;
			productType = "com.apple.product-type.application";
		};
/* End PBXNativeTarget section */

/* Begin PBXProject section */
		EF6631152A8E7E610027881A /* Project object */ = {
			isa = PBXProject;
			attributes = {
				BuildIndependentTargetsInParallel = 1;
				LastSwiftUpdateCheck = 1430;
				LastUpgradeCheck = 1430;
				TargetAttributes = {
					EF66311C2A8E7E610027881A = {
						CreatedOnToolsVersion = 14.3.1;
					};
				};
			};
			buildConfigurationList = EF6631182A8E7E610027881A /* Build configuration list for PBXProject "FinalProject" */;
			compatibilityVersion = "Xcode 14.0";
			developmentRegion = en;
			hasScannedForEncodings = 0;
			knownRegions = (
				en,
				Base,
			);
			mainGroup = EF6631142A8E7E610027881A;
			productRefGroup = EF66311E2A8E7E620027881A /* Products */;
			projectDirPath = "";
			projectRoot = "";
			targets = (
				EF66311C2A8E7E610027881A /* FinalProject */,
			);
		};
/* End PBXProject section */

/* Begin PBXResourcesBuildPhase section */
		EF66311B2A8E7E610027881A /* Resources */ = {
			isa = PBXResourcesBuildPhase;
			buildActionMask = 2147483647;
			files = (
				EF6631282A8E7E660027881A /* Preview Assets.xcassets in Resources */,
				EF6631252A8E7E660027881A /* Assets.xcassets in Resources */,
			);
			runOnlyForDeploymentPostprocessing = 0;
		};
/* End PBXResourcesBuildPhase section */

/* Begin PBXSourcesBuildPhase section */
		EF6631192A8E7E610027881A /* Sources */ = {
			isa = PBXSourcesBuildPhase;
			buildActionMask = 2147483647;
			files = (
				EF6631312A8E80450027881A /* HomeButton.swift in Sources */,
				EF6631232A8E7E620027881A /* ContentView.swift in Sources */,
				EF66312F2A8E80060027881A /* HomePage.swift in Sources */,
				EFE95FC72A8E9C6600C9DA8F /* MachineLearningView.swift in Sources */,
				EF6631352A8E80D60027881A /* TriviaGameView.swift in Sources */,
				EF6631332A8E807A0027881A /* SearchResourcesView.swift in Sources */,
				EF6631212A8E7E620027881A /* FinalProjectApp.swift in Sources */,
				EFE95FCB2A8E9CBF00C9DA8F /* STEMReasearchView.swift in Sources */,
				EF6631372A8E81030027881A /* JourneyTrackerView.swift in Sources */,
				EFE95FC52A8E9C3500C9DA8F /* TopicButton.swift in Sources */,
				EFE95FC92A8E9C9900C9DA8F /* DataScienceView.swift in Sources */,
			);
			runOnlyForDeploymentPostprocessing = 0;
		};
/* End PBXSourcesBuildPhase section */

/* Begin XCBuildConfiguration section */
		EF6631292A8E7E660027881A /* Debug */ = {
			isa = XCBuildConfiguration;
			buildSettings = {
				ALWAYS_SEARCH_USER_PATHS = NO;
				CLANG_ANALYZER_NONNULL = YES;
				CLANG_ANALYZER_NUMBER_OBJECT_CONVERSION = YES_AGGRESSIVE;
				CLANG_CXX_LANGUAGE_STANDARD = "gnu++20";
				CLANG_ENABLE_MODULES = YES;
				CLANG_ENABLE_OBJC_ARC = YES;
				CLANG_ENABLE_OBJC_WEAK = YES;
				CLANG_WARN_BLOCK_CAPTURE_AUTORELEASING = YES;
				CLANG_WARN_BOOL_CONVERSION = YES;
				CLANG_WARN_COMMA = YES;
				CLANG_WARN_CONSTANT_CONVERSION = YES;
				CLANG_WARN_DEPRECATED_OBJC_IMPLEMENTATIONS = YES;
				CLANG_WARN_DIRECT_OBJC_ISA_USAGE = YES_ERROR;
				CLANG_WARN_DOCUMENTATION_COMMENTS = YES;
				CLANG_WARN_EMPTY_BODY = YES;
				CLANG_WARN_ENUM_CONVERSION = YES;
				CLANG_WARN_INFINITE_RECURSION = YES;
				CLANG_WARN_INT_CONVERSION = YES;
				CLANG_WARN_NON_LITERAL_NULL_CONVERSION = YES;
				CLANG_WARN_OBJC_IMPLICIT_RETAIN_SELF = YES;
				CLANG_WARN_OBJC_LITERAL_CONVERSION = YES;
				CLANG_WARN_OBJC_ROOT_CLASS = YES_ERROR;
				CLANG_WARN_QUOTED_INCLUDE_IN_FRAMEWORK_HEADER = YES;
				CLANG_WARN_RANGE_LOOP_ANALYSIS = YES;
				CLANG_WARN_STRICT_PROTOTYPES = YES;
				CLANG_WARN_SUSPICIOUS_MOVE = YES;
				CLANG_WARN_UNGUARDED_AVAILABILITY = YES_AGGRESSIVE;
				CLANG_WARN_UNREACHABLE_CODE = YES;
				CLANG_WARN__DUPLICATE_METHOD_MATCH = YES;
				COPY_PHASE_STRIP = NO;
				DEBUG_INFORMATION_FORMAT = dwarf;
				ENABLE_STRICT_OBJC_MSGSEND = YES;
				ENABLE_TESTABILITY = YES;
				GCC_C_LANGUAGE_STANDARD = gnu11;
				GCC_DYNAMIC_NO_PIC = NO;
				GCC_NO_COMMON_BLOCKS = YES;
				GCC_OPTIMIZATION_LEVEL = 0;
				GCC_PREPROCESSOR_DEFINITIONS = (
					"DEBUG=1",
					"$(inherited)",
				);
				GCC_WARN_64_TO_32_BIT_CONVERSION = YES;
				GCC_WARN_ABOUT_RETURN_TYPE = YES_ERROR;
				GCC_WARN_UNDECLARED_SELECTOR = YES;
				GCC_WARN_UNINITIALIZED_AUTOS = YES_AGGRESSIVE;
				GCC_WARN_UNUSED_FUNCTION = YES;
				GCC_WARN_UNUSED_VARIABLE = YES;
				IPHONEOS_DEPLOYMENT_TARGET = 16.4;
				MTL_ENABLE_DEBUG_INFO = INCLUDE_SOURCE;
				MTL_FAST_MATH = YES;
				ONLY_ACTIVE_ARCH = YES;
				SDKROOT = iphoneos;
				SWIFT_ACTIVE_COMPILATION_CONDITIONS = DEBUG;
				SWIFT_OPTIMIZATION_LEVEL = "-Onone";
			};
			name = Debug;
		};
		EF66312A2A8E7E660027881A /* Release */ = {
			isa = XCBuildConfiguration;
			buildSettings = {
				ALWAYS_SEARCH_USER_PATHS = NO;
				CLANG_ANALYZER_NONNULL = YES;
				CLANG_ANALYZER_NUMBER_OBJECT_CONVERSION = YES_AGGRESSIVE;
				CLANG_CXX_LANGUAGE_STANDARD = "gnu++20";
				CLANG_ENABLE_MODULES = YES;
				CLANG_ENABLE_OBJC_ARC = YES;
				CLANG_ENABLE_OBJC_WEAK = YES;
				CLANG_WARN_BLOCK_CAPTURE_AUTORELEASING = YES;
				CLANG_WARN_BOOL_CONVERSION = YES;
				CLANG_WARN_COMMA = YES;
				CLANG_WARN_CONSTANT_CONVERSION = YES;
				CLANG_WARN_DEPRECATED_OBJC_IMPLEMENTATIONS = YES;
				CLANG_WARN_DIRECT_OBJC_ISA_USAGE = YES_ERROR;
				CLANG_WARN_DOCUMENTATION_COMMENTS = YES;
				CLANG_WARN_EMPTY_BODY = YES;
				CLANG_WARN_ENUM_CONVERSION = YES;
				CLANG_WARN_INFINITE_RECURSION = YES;
				CLANG_WARN_INT_CONVERSION = YES;
				CLANG_WARN_NON_LITERAL_NULL_CONVERSION = YES;
				CLANG_WARN_OBJC_IMPLICIT_RETAIN_SELF = YES;
				CLANG_WARN_OBJC_LITERAL_CONVERSION = YES;
				CLANG_WARN_OBJC_ROOT_CLASS = YES_ERROR;
				CLANG_WARN_QUOTED_INCLUDE_IN_FRAMEWORK_HEADER = YES;
				CLANG_WARN_RANGE_LOOP_ANALYSIS = YES;
				CLANG_WARN_STRICT_PROTOTYPES = YES;
				CLANG_WARN_SUSPICIOUS_MOVE = YES;
				CLANG_WARN_UNGUARDED_AVAILABILITY = YES_AGGRESSIVE;
				CLANG_WARN_UNREACHABLE_CODE = YES;
				CLANG_WARN__DUPLICATE_METHOD_MATCH = YES;
				COPY_PHASE_STRIP = NO;
				DEBUG_INFORMATION_FORMAT = "dwarf-with-dsym";
				ENABLE_NS_ASSERTIONS = NO;
				ENABLE_STRICT_OBJC_MSGSEND = YES;
				GCC_C_LANGUAGE_STANDARD = gnu11;
				GCC_NO_COMMON_BLOCKS = YES;
				GCC_WARN_64_TO_32_BIT_CONVERSION = YES;
				GCC_WARN_ABOUT_RETURN_TYPE = YES_ERROR;
				GCC_WARN_UNDECLARED_SELECTOR = YES;
				GCC_WARN_UNINITIALIZED_AUTOS = YES_AGGRESSIVE;
				GCC_WARN_UNUSED_FUNCTION = YES;
				GCC_WARN_UNUSED_VARIABLE = YES;
				IPHONEOS_DEPLOYMENT_TARGET = 16.4;
				MTL_ENABLE_DEBUG_INFO = NO;
				MTL_FAST_MATH = YES;
				SDKROOT = iphoneos;
				SWIFT_COMPILATION_MODE = wholemodule;
				SWIFT_OPTIMIZATION_LEVEL = "-O";
				VALIDATE_PRODUCT = YES;
			};
			name = Release;
		};
		EF66312C2A8E7E660027881A /* Debug */ = {
			isa = XCBuildConfiguration;
			buildSettings = {
				ASSETCATALOG_COMPILER_APPICON_NAME = AppIcon;
				ASSETCATALOG_COMPILER_GLOBAL_ACCENT_COLOR_NAME = AccentColor;
				CODE_SIGN_STYLE = Automatic;
				CURRENT_PROJECT_VERSION = 1;
				DEVELOPMENT_ASSET_PATHS = "\"FinalProject/Preview Content\"";
				ENABLE_PREVIEWS = YES;
				GENERATE_INFOPLIST_FILE = YES;
				INFOPLIST_KEY_UIApplicationSceneManifest_Generation = YES;
				INFOPLIST_KEY_UIApplicationSupportsIndirectInputEvents = YES;
				INFOPLIST_KEY_UILaunchScreen_Generation = YES;
				INFOPLIST_KEY_UISupportedInterfaceOrientations_iPad = "UIInterfaceOrientationPortrait UIInterfaceOrientationPortraitUpsideDown UIInterfaceOrientationLandscapeLeft UIInterfaceOrientationLandscapeRight";
				INFOPLIST_KEY_UISupportedInterfaceOrientations_iPhone = "UIInterfaceOrientationPortrait UIInterfaceOrientationLandscapeLeft UIInterfaceOrientationLandscapeRight";
				LD_RUNPATH_SEARCH_PATHS = (
					"$(inherited)",
					"@executable_path/Frameworks",
				);
				MARKETING_VERSION = 1.0;
				PRODUCT_BUNDLE_IDENTIFIER = KWK.FinalProject;
				PRODUCT_NAME = "$(TARGET_NAME)";
				SWIFT_EMIT_LOC_STRINGS = YES;
				SWIFT_VERSION = 5.0;
				TARGETED_DEVICE_FAMILY = "1,2";
			};
			name = Debug;
		};
		EF66312D2A8E7E660027881A /* Release */ = {
			isa = XCBuildConfiguration;
			buildSettings = {
				ASSETCATALOG_COMPILER_APPICON_NAME = AppIcon;
				ASSETCATALOG_COMPILER_GLOBAL_ACCENT_COLOR_NAME = AccentColor;
				CODE_SIGN_STYLE = Automatic;
				CURRENT_PROJECT_VERSION = 1;
				DEVELOPMENT_ASSET_PATHS = "\"FinalProject/Preview Content\"";
				ENABLE_PREVIEWS = YES;
				GENERATE_INFOPLIST_FILE = YES;
				INFOPLIST_KEY_UIApplicationSceneManifest_Generation = YES;
				INFOPLIST_KEY_UIApplicationSupportsIndirectInputEvents = YES;
				INFOPLIST_KEY_UILaunchScreen_Generation = YES;
				INFOPLIST_KEY_UISupportedInterfaceOrientations_iPad = "UIInterfaceOrientationPortrait UIInterfaceOrientationPortraitUpsideDown UIInterfaceOrientationLandscapeLeft UIInterfaceOrientationLandscapeRight";
				INFOPLIST_KEY_UISupportedInterfaceOrientations_iPhone = "UIInterfaceOrientationPortrait UIInterfaceOrientationLandscapeLeft UIInterfaceOrientationLandscapeRight";
				LD_RUNPATH_SEARCH_PATHS = (
					"$(inherited)",
					"@executable_path/Frameworks",
				);
				MARKETING_VERSION = 1.0;
				PRODUCT_BUNDLE_IDENTIFIER = KWK.FinalProject;
				PRODUCT_NAME = "$(TARGET_NAME)";
				SWIFT_EMIT_LOC_STRINGS = YES;
				SWIFT_VERSION = 5.0;
				TARGETED_DEVICE_FAMILY = "1,2";
			};
			name = Release;
		};
/* End XCBuildConfiguration section */

/* Begin XCConfigurationList section */
		EF6631182A8E7E610027881A /* Build configuration list for PBXProject "FinalProject" */ = {
			isa = XCConfigurationList;
			buildConfigurations = (
				EF6631292A8E7E660027881A /* Debug */,
				EF66312A2A8E7E660027881A /* Release */,
			);
			defaultConfigurationIsVisible = 0;
			defaultConfigurationName = Release;
		};
		EF66312B2A8E7E660027881A /* Build configuration list for PBXNativeTarget "FinalProject" */ = {
			isa = XCConfigurationList;
			buildConfigurations = (
				EF66312C2A8E7E660027881A /* Debug */,
				EF66312D2A8E7E660027881A /* Release */,
			);
			defaultConfigurationIsVisible = 0;
			defaultConfigurationName = Release;
		};
/* End XCConfigurationList section */
	};
	rootObject = EF6631152A8E7E610027881A /* Project object */;
}
